
Microsoft Visual Studio Solution File, Format Version 12.00
# Visual Studio Version 16
VisualStudioVersion = 16.0.28922.388
MinimumVisualStudioVersion = 10.0.40219.1
Project("{FAE04EC0-301F-11D3-BF4B-00C04F79EFBC}") = "1Math", "1Math\1Math.csproj", "{75BA2074-FA7A-4146-97E4-5191AF8476B4}"
EndProject
Project("{FAE04EC0-301F-11D3-BF4B-00C04F79EFBC}") = "1Math_Installer", "1Math_Installer\1Math_Installer.csproj", "{EE97DDC9-DB0C-455C-9768-43E742BF3749}"
EndProject
Global
	GlobalSection(SolutionConfigurationPlatforms) = preSolution
		Debug|Any CPU = Debug|Any CPU
		Release|Any CPU = Release|Any CPU
	EndGlobalSection
	GlobalSection(ProjectConfigurationPlatforms) = postSolution
		{75BA2074-FA7A-4146-97E4-5191AF8476B4}.Debug|Any CPU.ActiveCfg = Debug|Any CPU
		{75BA2074-FA7A-4146-97E4-5191AF8476B4}.Debug|Any CPU.Build.0 = Debug|Any CPU
		{75BA2074-FA7A-4146-97E4-5191AF8476B4}.Release|Any CPU.ActiveCfg = Release|Any CPU
		{75BA2074-FA7A-4146-97E4-5191AF8476B4}.Release|Any CPU.Build.0 = Release|Any CPU
		{EE97DDC9-DB0C-455C-9768-43E742BF3749}.Debug|Any CPU.ActiveCfg = Debug|Any CPU
		{EE97DDC9-DB0C-455C-9768-43E742BF3749}.Debug|Any CPU.Build.0 = Debug|Any CPU
		{EE97DDC9-DB0C-455C-9768-43E742BF3749}.Release|Any CPU.ActiveCfg = Release|Any CPU
		{EE97DDC9-DB0C-455C-9768-43E742BF3749}.Release|Any CPU.Build.0 = Release|Any CPU
	EndGlobalSection
	GlobalSection(SolutionProperties) = preSolution
		HideSolutionNode = FALSE
	EndGlobalSection
	GlobalSection(ExtensibilityGlobals) = postSolution
		SolutionGuid = {378DF42F-17ED-4B37-9E73-128EEB98B286}
	EndGlobalSection
EndGlobal
